
Microsoft Visual Studio Solution File, Format Version 12.00
# Visual Studio Version 16
VisualStudioVersion = 16.0.31624.102
MinimumVisualStudioVersion = 10.0.40219.1
Project("{9A19103F-16F7-4668-BE54-9A1E7A4F7556}") = "TheWoodlandFamily", "TheWoodlandFamily\TheWoodlandFamily.csproj", "{8B7FAC2F-D7A9-40C8-A751-F8314F59C1BC}"
EndProject
Project("{9A19103F-16F7-4668-BE54-9A1E7A4F7556}") = "EFDataAccessLibrary", "DataLibrary\EFDataAccessLibrary.csproj", "{45EDDBCA-8F9B-4311-8861-A70C97546880}"
EndProject
Project("{FAE04EC0-301F-11D3-BF4B-00C04F79EFBC}") = "ValidationLibrary", "ValidationLibrary\ValidationLibrary.csproj", "{E60AA78D-6BFD-4DA2-A7D7-EC24BF3B1B17}"
EndProject
Global
	GlobalSection(SolutionConfigurationPlatforms) = preSolution
		Debug|Any CPU = Debug|Any CPU
		Release|Any CPU = Release|Any CPU
	EndGlobalSection
	GlobalSection(ProjectConfigurationPlatforms) = postSolution
		{8B7FAC2F-D7A9-40C8-A751-F8314F59C1BC}.Debug|Any CPU.ActiveCfg = Debug|Any CPU
		{8B7FAC2F-D7A9-40C8-A751-F8314F59C1BC}.Debug|Any CPU.Build.0 = Debug|Any CPU
		{8B7FAC2F-D7A9-40C8-A751-F8314F59C1BC}.Release|Any CPU.ActiveCfg = Release|Any CPU
		{8B7FAC2F-D7A9-40C8-A751-F8314F59C1BC}.Release|Any CPU.Build.0 = Release|Any CPU
		{45EDDBCA-8F9B-4311-8861-A70C97546880}.Debug|Any CPU.ActiveCfg = Debug|Any CPU
		{45EDDBCA-8F9B-4311-8861-A70C97546880}.Debug|Any CPU.Build.0 = Debug|Any CPU
		{45EDDBCA-8F9B-4311-8861-A70C97546880}.Release|Any CPU.ActiveCfg = Release|Any CPU
		{45EDDBCA-8F9B-4311-8861-A70C97546880}.Release|Any CPU.Build.0 = Release|Any CPU
		{E60AA78D-6BFD-4DA2-A7D7-EC24BF3B1B17}.Debug|Any CPU.ActiveCfg = Debug|Any CPU
		{E60AA78D-6BFD-4DA2-A7D7-EC24BF3B1B17}.Debug|Any CPU.Build.0 = Debug|Any CPU
		{E60AA78D-6BFD-4DA2-A7D7-EC24BF3B1B17}.Release|Any CPU.ActiveCfg = Release|Any CPU
		{E60AA78D-6BFD-4DA2-A7D7-EC24BF3B1B17}.Release|Any CPU.Build.0 = Release|Any CPU
	EndGlobalSection
	GlobalSection(SolutionProperties) = preSolution
		HideSolutionNode = FALSE
	EndGlobalSection
	GlobalSection(ExtensibilityGlobals) = postSolution
		SolutionGuid = {B2848678-8BCD-4445-B194-D62921D1A32D}
	EndGlobalSection
EndGlobal
